// !$*UTF8*$!
{
	archiveVersion = 1;
	classes = {
	};
	objectVersion = 50;
	objects = {

/* Begin PBXBuildFile section */
		CD41228E2219F0A6006A014F /* AppDelegate.swift in Sources */ = {isa = PBXBuildFile; fileRef = CD41228D2219F0A6006A014F /* AppDelegate.swift */; };
		CD4122902219F0A6006A014F /* RootViewController.swift in Sources */ = {isa = PBXBuildFile; fileRef = CD41228F2219F0A6006A014F /* RootViewController.swift */; };
		CD4122922219F0A6006A014F /* DataViewController.swift in Sources */ = {isa = PBXBuildFile; fileRef = CD4122912219F0A6006A014F /* DataViewController.swift */; };
		CD4122942219F0A6006A014F /* ModelController.swift in Sources */ = {isa = PBXBuildFile; fileRef = CD4122932219F0A6006A014F /* ModelController.swift */; };
		CD4122972219F0A6006A014F /* Main.storyboard in Resources */ = {isa = PBXBuildFile; fileRef = CD4122952219F0A6006A014F /* Main.storyboard */; };
		CD4122992219F0A8006A014F /* Assets.xcassets in Resources */ = {isa = PBXBuildFile; fileRef = CD4122982219F0A8006A014F /* Assets.xcassets */; };
		CD41229C2219F0A8006A014F /* LaunchScreen.storyboard in Resources */ = {isa = PBXBuildFile; fileRef = CD41229A2219F0A8006A014F /* LaunchScreen.storyboard */; };
/* End PBXBuildFile section */

/* Begin PBXFileReference section */
		CD41228A2219F0A6006A014F /* AmbientGenerator.app */ = {isa = PBXFileReference; explicitFileType = wrapper.application; includeInIndex = 0; path = AmbientGenerator.app; sourceTree = BUILT_PRODUCTS_DIR; };
		CD41228D2219F0A6006A014F /* AppDelegate.swift */ = {isa = PBXFileReference; lastKnownFileType = sourcecode.swift; path = AppDelegate.swift; sourceTree = "<group>"; };
		CD41228F2219F0A6006A014F /* RootViewController.swift */ = {isa = PBXFileReference; lastKnownFileType = sourcecode.swift; path = RootViewController.swift; sourceTree = "<group>"; };
		CD4122912219F0A6006A014F /* DataViewController.swift */ = {isa = PBXFileReference; lastKnownFileType = sourcecode.swift; path = DataViewController.swift; sourceTree = "<group>"; };
		CD4122932219F0A6006A014F /* ModelController.swift */ = {isa = PBXFileReference; lastKnownFileType = sourcecode.swift; path = ModelController.swift; sourceTree = "<group>"; };
		CD4122962219F0A6006A014F /* Base */ = {isa = PBXFileReference; lastKnownFileType = file.storyboard; name = Base; path = Base.lproj/Main.storyboard; sourceTree = "<group>"; };
		CD4122982219F0A8006A014F /* Assets.xcassets */ = {isa = PBXFileReference; lastKnownFileType = folder.assetcatalog; path = Assets.xcassets; sourceTree = "<group>"; };
		CD41229B2219F0A8006A014F /* Base */ = {isa = PBXFileReference; lastKnownFileType = file.storyboard; name = Base; path = Base.lproj/LaunchScreen.storyboard; sourceTree = "<group>"; };
		CD41229D2219F0A8006A014F /* Info.plist */ = {isa = PBXFileReference; lastKnownFileType = text.plist.xml; path = Info.plist; sourceTree = "<group>"; };
/* End PBXFileReference section */

/* Begin PBXFrameworksBuildPhase section */
		CD4122872219F0A6006A014F /* Frameworks */ = {
			isa = PBXFrameworksBuildPhase;
			buildActionMask = 2147483647;
			files = (
			);
			runOnlyForDeploymentPostprocessing = 0;
		};
/* End PBXFrameworksBuildPhase section */

/* Begin PBXGroup section */
		CD4122812219F0A6006A014F = {
			isa = PBXGroup;
			children = (
				CD41228C2219F0A6006A014F /* AmbientGenerator */,
				CD41228B2219F0A6006A014F /* Products */,
			);
			sourceTree = "<group>";
		};
		CD41228B2219F0A6006A014F /* Products */ = {
			isa = PBXGroup;
			children = (
				CD41228A2219F0A6006A014F /* AmbientGenerator.app */,
			);
			name = Products;
			sourceTree = "<group>";
		};
		CD41228C2219F0A6006A014F /* AmbientGenerator */ = {
			isa = PBXGroup;
			children = (
				CD41228D2219F0A6006A014F /* AppDelegate.swift */,
				CD41228F2219F0A6006A014F /* RootViewController.swift */,
				CD4122912219F0A6006A014F /* DataViewController.swift */,
				CD4122932219F0A6006A014F /* ModelController.swift */,
				CD4122952219F0A6006A014F /* Main.storyboard */,
				CD4122982219F0A8006A014F /* Assets.xcassets */,
				CD41229A2219F0A8006A014F /* LaunchScreen.storyboard */,
				CD41229D2219F0A8006A014F /* Info.plist */,
			);
			path = AmbientGenerator;
			sourceTree = "<group>";
		};
/* End PBXGroup section */

/* Begin PBXNativeTarget section */
		CD4122892219F0A6006A014F /* AmbientGenerator */ = {
			isa = PBXNativeTarget;
			buildConfigurationList = CD4122A02219F0A8006A014F /* Build configuration list for PBXNativeTarget "AmbientGenerator" */;
			buildPhases = (
				CD4122862219F0A6006A014F /* Sources */,
				CD4122872219F0A6006A014F /* Frameworks */,
				CD4122882219F0A6006A014F /* Resources */,
			);
			buildRules = (
			);
			dependencies = (
			);
			name = AmbientGenerator;
			productName = AmbientGenerator;
			productReference = CD41228A2219F0A6006A014F /* AmbientGenerator.app */;
			productType = "com.apple.product-type.application";
		};
/* End PBXNativeTarget section */

/* Begin PBXProject section */
		CD4122822219F0A6006A014F /* Project object */ = {
			isa = PBXProject;
			attributes = {
				LastSwiftUpdateCheck = 1010;
				LastUpgradeCheck = 1010;
				ORGANIZATIONNAME = "Keenan Piveral-Brooks";
				TargetAttributes = {
					CD4122892219F0A6006A014F = {
						CreatedOnToolsVersion = 10.1;
					};
				};
			};
			buildConfigurationList = CD4122852219F0A6006A014F /* Build configuration list for PBXProject "AmbientGenerator" */;
			compatibilityVersion = "Xcode 9.3";
			developmentRegion = en;
			hasScannedForEncodings = 0;
			knownRegions = (
				en,
				Base,
			);
			mainGroup = CD4122812219F0A6006A014F;
			productRefGroup = CD41228B2219F0A6006A014F /* Products */;
			projectDirPath = "";
			projectRoot = "";
			targets = (
				CD4122892219F0A6006A014F /* AmbientGenerator */,
			);
		};
/* End PBXProject section */

/* Begin PBXResourcesBuildPhase section */
		CD4122882219F0A6006A014F /* Resources */ = {
			isa = PBXResourcesBuildPhase;
			buildActionMask = 2147483647;
			files = (
				CD41229C2219F0A8006A014F /* LaunchScreen.storyboard in Resources */,
				CD4122992219F0A8006A014F /* Assets.xcassets in Resources */,
				CD4122972219F0A6006A014F /* Main.storyboard in Resources */,
			);
			runOnlyForDeploymentPostprocessing = 0;
		};
/* End PBXResourcesBuildPhase section */

/* Begin PBXSourcesBuildPhase section */
		CD4122862219F0A6006A014F /* Sources */ = {
			isa = PBXSourcesBuildPhase;
			buildActionMask = 2147483647;
			files = (
				CD4122902219F0A6006A014F /* RootViewController.swift in Sources */,
				CD4122942219F0A6006A014F /* ModelController.swift in Sources */,
				CD4122922219F0A6006A014F /* DataViewController.swift in Sources */,
				CD41228E2219F0A6006A014F /* AppDelegate.swift in Sources */,
			);
			runOnlyForDeploymentPostprocessing = 0;
		};
/* End PBXSourcesBuildPhase section */

/* Begin PBXVariantGroup section */
		CD4122952219F0A6006A014F /* Main.storyboard */ = {
			isa = PBXVariantGroup;
			children = (
				CD4122962219F0A6006A014F /* Base */,
			);
			name = Main.storyboard;
			sourceTree = "<group>";
		};
		CD41229A2219F0A8006A014F /* LaunchScreen.storyboard */ = {
			isa = PBXVariantGroup;
			children = (
				CD41229B2219F0A8006A014F /* Base */,
			);
			name = LaunchScreen.storyboard;
			sourceTree = "<group>";
		};
/* End PBXVariantGroup section */

/* Begin XCBuildConfiguration section */
		CD41229E2219F0A8006A014F /* Debug */ = {
			isa = XCBuildConfiguration;
			buildSettings = {
				ALWAYS_SEARCH_USER_PATHS = NO;
				CLANG_ANALYZER_NONNULL = YES;
				CLANG_ANALYZER_NUMBER_OBJECT_CONVERSION = YES_AGGRESSIVE;
				CLANG_CXX_LANGUAGE_STANDARD = "gnu++14";
				CLANG_CXX_LIBRARY = "libc++";
				CLANG_ENABLE_MODULES = YES;
				CLANG_ENABLE_OBJC_ARC = YES;
				CLANG_ENABLE_OBJC_WEAK = YES;
				CLANG_WARN_BLOCK_CAPTURE_AUTORELEASING = YES;
				CLANG_WARN_BOOL_CONVERSION = YES;
				CLANG_WARN_COMMA = YES;
				CLANG_WARN_CONSTANT_CONVERSION = YES;
				CLANG_WARN_DEPRECATED_OBJC_IMPLEMENTATIONS = YES;
				CLANG_WARN_DIRECT_OBJC_ISA_USAGE = YES_ERROR;
				CLANG_WARN_DOCUMENTATION_COMMENTS = YES;
				CLANG_WARN_EMPTY_BODY = YES;
				CLANG_WARN_ENUM_CONVERSION = YES;
				CLANG_WARN_INFINITE_RECURSION = YES;
				CLANG_WARN_INT_CONVERSION = YES;
				CLANG_WARN_NON_LITERAL_NULL_CONVERSION = YES;
				CLANG_WARN_OBJC_IMPLICIT_RETAIN_SELF = YES;
				CLANG_WARN_OBJC_LITERAL_CONVERSION = YES;
				CLANG_WARN_OBJC_ROOT_CLASS = YES_ERROR;
				CLANG_WARN_RANGE_LOOP_ANALYSIS = YES;
				CLANG_WARN_STRICT_PROTOTYPES = YES;
				CLANG_WARN_SUSPICIOUS_MOVE = YES;
				CLANG_WARN_UNGUARDED_AVAILABILITY = YES_AGGRESSIVE;
				CLANG_WARN_UNREACHABLE_CODE = YES;
				CLANG_WARN__DUPLICATE_METHOD_MATCH = YES;
				CODE_SIGN_IDENTITY = "iPhone Developer";
				COPY_PHASE_STRIP = NO;
				DEBUG_INFORMATION_FORMAT = dwarf;
				ENABLE_STRICT_OBJC_MSGSEND = YES;
				ENABLE_TESTABILITY = YES;
				GCC_C_LANGUAGE_STANDARD = gnu11;
				GCC_DYNAMIC_NO_PIC = NO;
				GCC_NO_COMMON_BLOCKS = YES;
				GCC_OPTIMIZATION_LEVEL = 0;
				GCC_PREPROCESSOR_DEFINITIONS = (
					"DEBUG=1",
					"$(inherited)",
				);
				GCC_WARN_64_TO_32_BIT_CONVERSION = YES;
				GCC_WARN_ABOUT_RETURN_TYPE = YES_ERROR;
				GCC_WARN_UNDECLARED_SELECTOR = YES;
				GCC_WARN_UNINITIALIZED_AUTOS = YES_AGGRESSIVE;
				GCC_WARN_UNUSED_FUNCTION = YES;
				GCC_WARN_UNUSED_VARIABLE = YES;
				IPHONEOS_DEPLOYMENT_TARGET = 12.1;
				MTL_ENABLE_DEBUG_INFO = INCLUDE_SOURCE;
				MTL_FAST_MATH = YES;
				ONLY_ACTIVE_ARCH = YES;
				SDKROOT = iphoneos;
				SWIFT_ACTIVE_COMPILATION_CONDITIONS = DEBUG;
				SWIFT_OPTIMIZATION_LEVEL = "-Onone";
			};
			name = Debug;
		};
		CD41229F2219F0A8006A014F /* Release */ = {
			isa = XCBuildConfiguration;
			buildSettings = {
				ALWAYS_SEARCH_USER_PATHS = NO;
				CLANG_ANALYZER_NONNULL = YES;
				CLANG_ANALYZER_NUMBER_OBJECT_CONVERSION = YES_AGGRESSIVE;
				CLANG_CXX_LANGUAGE_STANDARD = "gnu++14";
				CLANG_CXX_LIBRARY = "libc++";
				CLANG_ENABLE_MODULES = YES;
				CLANG_ENABLE_OBJC_ARC = YES;
				CLANG_ENABLE_OBJC_WEAK = YES;
				CLANG_WARN_BLOCK_CAPTURE_AUTORELEASING = YES;
				CLANG_WARN_BOOL_CONVERSION = YES;
				CLANG_WARN_COMMA = YES;
				CLANG_WARN_CONSTANT_CONVERSION = YES;
				CLANG_WARN_DEPRECATED_OBJC_IMPLEMENTATIONS = YES;
				CLANG_WARN_DIRECT_OBJC_ISA_USAGE = YES_ERROR;
				CLANG_WARN_DOCUMENTATION_COMMENTS = YES;
				CLANG_WARN_EMPTY_BODY = YES;
				CLANG_WARN_ENUM_CONVERSION = YES;
				CLANG_WARN_INFINITE_RECURSION = YES;
				CLANG_WARN_INT_CONVERSION = YES;
				CLANG_WARN_NON_LITERAL_NULL_CONVERSION = YES;
				CLANG_WARN_OBJC_IMPLICIT_RETAIN_SELF = YES;
				CLANG_WARN_OBJC_LITERAL_CONVERSION = YES;
				CLANG_WARN_OBJC_ROOT_CLASS = YES_ERROR;
				CLANG_WARN_RANGE_LOOP_ANALYSIS = YES;
				CLANG_WARN_STRICT_PROTOTYPES = YES;
				CLANG_WARN_SUSPICIOUS_MOVE = YES;
				CLANG_WARN_UNGUARDED_AVAILABILITY = YES_AGGRESSIVE;
				CLANG_WARN_UNREACHABLE_CODE = YES;
				CLANG_WARN__DUPLICATE_METHOD_MATCH = YES;
				CODE_SIGN_IDENTITY = "iPhone Developer";
				COPY_PHASE_STRIP = NO;
				DEBUG_INFORMATION_FORMAT = "dwarf-with-dsym";
				ENABLE_NS_ASSERTIONS = NO;
				ENABLE_STRICT_OBJC_MSGSEND = YES;
				GCC_C_LANGUAGE_STANDARD = gnu11;
				GCC_NO_COMMON_BLOCKS = YES;
				GCC_WARN_64_TO_32_BIT_CONVERSION = YES;
				GCC_WARN_ABOUT_RETURN_TYPE = YES_ERROR;
				GCC_WARN_UNDECLARED_SELECTOR = YES;
				GCC_WARN_UNINITIALIZED_AUTOS = YES_AGGRESSIVE;
				GCC_WARN_UNUSED_FUNCTION = YES;
				GCC_WARN_UNUSED_VARIABLE = YES;
				IPHONEOS_DEPLOYMENT_TARGET = 12.1;
				MTL_ENABLE_DEBUG_INFO = NO;
				MTL_FAST_MATH = YES;
				SDKROOT = iphoneos;
				SWIFT_COMPILATION_MODE = wholemodule;
				SWIFT_OPTIMIZATION_LEVEL = "-O";
				VALIDATE_PRODUCT = YES;
			};
			name = Release;
		};
		CD4122A12219F0A8006A014F /* Debug */ = {
			isa = XCBuildConfiguration;
			buildSettings = {
				ASSETCATALOG_COMPILER_APPICON_NAME = AppIcon;
				CODE_SIGN_STYLE = Automatic;
				INFOPLIST_FILE = AmbientGenerator/Info.plist;
				LD_RUNPATH_SEARCH_PATHS = (
					"$(inherited)",
					"@executable_path/Frameworks",
				);
				PRODUCT_BUNDLE_IDENTIFIER = edu.nwmissouri.AmbientGenerator;
				PRODUCT_NAME = "$(TARGET_NAME)";
				SWIFT_VERSION = 4.2;
				TARGETED_DEVICE_FAMILY = "1,2";
			};
			name = Debug;
		};
		CD4122A22219F0A8006A014F /* Release */ = {
			isa = XCBuildConfiguration;
			buildSettings = {
				ASSETCATALOG_COMPILER_APPICON_NAME = AppIcon;
				CODE_SIGN_STYLE = Automatic;
				INFOPLIST_FILE = AmbientGenerator/Info.plist;
				LD_RUNPATH_SEARCH_PATHS = (
					"$(inherited)",
					"@executable_path/Frameworks",
				);
				PRODUCT_BUNDLE_IDENTIFIER = edu.nwmissouri.AmbientGenerator;
				PRODUCT_NAME = "$(TARGET_NAME)";
				SWIFT_VERSION = 4.2;
				TARGETED_DEVICE_FAMILY = "1,2";
			};
			name = Release;
		};
/* End XCBuildConfiguration section */

/* Begin XCConfigurationList section */
		CD4122852219F0A6006A014F /* Build configuration list for PBXProject "AmbientGenerator" */ = {
			isa = XCConfigurationList;
			buildConfigurations = (
				CD41229E2219F0A8006A014F /* Debug */,
				CD41229F2219F0A8006A014F /* Release */,
			);
			defaultConfigurationIsVisible = 0;
			defaultConfigurationName = Release;
		};
		CD4122A02219F0A8006A014F /* Build configuration list for PBXNativeTarget "AmbientGenerator" */ = {
			isa = XCConfigurationList;
			buildConfigurations = (
				CD4122A12219F0A8006A014F /* Debug */,
				CD4122A22219F0A8006A014F /* Release */,
			);
			defaultConfigurationIsVisible = 0;
			defaultConfigurationName = Release;
		};
/* End XCConfigurationList section */
	};
	rootObject = CD4122822219F0A6006A014F /* Project object */;
}
